
Microsoft Visual Studio Solution File, Format Version 11.00
# Visual Studio 2010
Project("{F184B08F-C81C-45F6-A57F-5ABD9991F28F}") = "tienda", "tienda\tienda.vbproj", "{6CA4C3BD-3AB3-48E6-86C3-9A6F6092D7CC}"
EndProject
Global
	GlobalSection(SolutionConfigurationPlatforms) = preSolution
		Debug|x86 = Debug|x86
		Release|x86 = Release|x86
	EndGlobalSection
	GlobalSection(ProjectConfigurationPlatforms) = postSolution
		{6CA4C3BD-3AB3-48E6-86C3-9A6F6092D7CC}.Debug|x86.ActiveCfg = Debug|x86
		{6CA4C3BD-3AB3-48E6-86C3-9A6F6092D7CC}.Debug|x86.Build.0 = Debug|x86
		{6CA4C3BD-3AB3-48E6-86C3-9A6F6092D7CC}.Release|x86.ActiveCfg = Release|x86
		{6CA4C3BD-3AB3-48E6-86C3-9A6F6092D7CC}.Release|x86.Build.0 = Release|x86
	EndGlobalSection
	GlobalSection(SolutionProperties) = preSolution
		HideSolutionNode = FALSE
	EndGlobalSection
EndGlobal
