
Microsoft Visual Studio Solution File, Format Version 11.00
# Visual Studio 2010
Project("{F184B08F-C81C-45F6-A57F-5ABD9991F28F}") = "control_escolar", "control_escolar\control_escolar.vbproj", "{4BEC7CFB-DE58-41B8-B29D-F4A8784B85E5}"
EndProject
Global
	GlobalSection(SolutionConfigurationPlatforms) = preSolution
		Debug|x86 = Debug|x86
		Release|x86 = Release|x86
	EndGlobalSection
	GlobalSection(ProjectConfigurationPlatforms) = postSolution
		{4BEC7CFB-DE58-41B8-B29D-F4A8784B85E5}.Debug|x86.ActiveCfg = Debug|x86
		{4BEC7CFB-DE58-41B8-B29D-F4A8784B85E5}.Debug|x86.Build.0 = Debug|x86
		{4BEC7CFB-DE58-41B8-B29D-F4A8784B85E5}.Release|x86.ActiveCfg = Release|x86
		{4BEC7CFB-DE58-41B8-B29D-F4A8784B85E5}.Release|x86.Build.0 = Release|x86
	EndGlobalSection
	GlobalSection(SolutionProperties) = preSolution
		HideSolutionNode = FALSE
	EndGlobalSection
EndGlobal
